// !$*UTF8*$!
{
	archiveVersion = 1;
	classes = {
	};
	objectVersion = 48;
	objects = {

/* Begin PBXBuildFile section */
		DBDA4D76204A816F0004F70F /* erweima.jpeg in Resources */ = {isa = PBXBuildFile; fileRef = DBDA4D75204A816F0004F70F /* erweima.jpeg */; };
		DBEB0A8F204A62C90087AC8F /* AppDelegate.m in Sources */ = {isa = PBXBuildFile; fileRef = DBEB0A8E204A62C90087AC8F /* AppDelegate.m */; };
		DBEB0A92204A62C90087AC8F /* ViewController.m in Sources */ = {isa = PBXBuildFile; fileRef = DBEB0A91204A62C90087AC8F /* ViewController.m */; };
		DBEB0A95204A62C90087AC8F /* Main.storyboard in Resources */ = {isa = PBXBuildFile; fileRef = DBEB0A93204A62C90087AC8F /* Main.storyboard */; };
		DBEB0A97204A62C90087AC8F /* Assets.xcassets in Resources */ = {isa = PBXBuildFile; fileRef = DBEB0A96204A62C90087AC8F /* Assets.xcassets */; };
		DBEB0A9A204A62C90087AC8F /* LaunchScreen.storyboard in Resources */ = {isa = PBXBuildFile; fileRef = DBEB0A98204A62C90087AC8F /* LaunchScreen.storyboard */; };
		DBEB0A9D204A62C90087AC8F /* main.m in Sources */ = {isa = PBXBuildFile; fileRef = DBEB0A9C204A62C90087AC8F /* main.m */; };
		DBEB0AA5204A66C00087AC8F /* QRCodeVC.m in Sources */ = {isa = PBXBuildFile; fileRef = DBEB0AA4204A66C00087AC8F /* QRCodeVC.m */; };
		DBEB0AA8204A67EE0087AC8F /* JCBrightness.m in Sources */ = {isa = PBXBuildFile; fileRef = DBEB0AA7204A67ED0087AC8F /* JCBrightness.m */; };
/* End PBXBuildFile section */

/* Begin PBXFileReference section */
		DBDA4D75204A816F0004F70F /* erweima.jpeg */ = {isa = PBXFileReference; lastKnownFileType = image.jpeg; path = erweima.jpeg; sourceTree = "<group>"; };
		DBEB0A8A204A62C90087AC8F /* brightnessGradientDemo.app */ = {isa = PBXFileReference; explicitFileType = wrapper.application; includeInIndex = 0; path = brightnessGradientDemo.app; sourceTree = BUILT_PRODUCTS_DIR; };
		DBEB0A8D204A62C90087AC8F /* AppDelegate.h */ = {isa = PBXFileReference; lastKnownFileType = sourcecode.c.h; path = AppDelegate.h; sourceTree = "<group>"; };
		DBEB0A8E204A62C90087AC8F /* AppDelegate.m */ = {isa = PBXFileReference; lastKnownFileType = sourcecode.c.objc; path = AppDelegate.m; sourceTree = "<group>"; };
		DBEB0A90204A62C90087AC8F /* ViewController.h */ = {isa = PBXFileReference; lastKnownFileType = sourcecode.c.h; path = ViewController.h; sourceTree = "<group>"; };
		DBEB0A91204A62C90087AC8F /* ViewController.m */ = {isa = PBXFileReference; lastKnownFileType = sourcecode.c.objc; path = ViewController.m; sourceTree = "<group>"; };
		DBEB0A94204A62C90087AC8F /* Base */ = {isa = PBXFileReference; lastKnownFileType = file.storyboard; name = Base; path = Base.lproj/Main.storyboard; sourceTree = "<group>"; };
		DBEB0A96204A62C90087AC8F /* Assets.xcassets */ = {isa = PBXFileReference; lastKnownFileType = folder.assetcatalog; path = Assets.xcassets; sourceTree = "<group>"; };
		DBEB0A99204A62C90087AC8F /* Base */ = {isa = PBXFileReference; lastKnownFileType = file.storyboard; name = Base; path = Base.lproj/LaunchScreen.storyboard; sourceTree = "<group>"; };
		DBEB0A9B204A62C90087AC8F /* Info.plist */ = {isa = PBXFileReference; lastKnownFileType = text.plist.xml; path = Info.plist; sourceTree = "<group>"; };
		DBEB0A9C204A62C90087AC8F /* main.m */ = {isa = PBXFileReference; lastKnownFileType = sourcecode.c.objc; path = main.m; sourceTree = "<group>"; };
		DBEB0AA3204A66C00087AC8F /* QRCodeVC.h */ = {isa = PBXFileReference; lastKnownFileType = sourcecode.c.h; path = QRCodeVC.h; sourceTree = "<group>"; };
		DBEB0AA4204A66C00087AC8F /* QRCodeVC.m */ = {isa = PBXFileReference; lastKnownFileType = sourcecode.c.objc; path = QRCodeVC.m; sourceTree = "<group>"; };
		DBEB0AA6204A67ED0087AC8F /* JCBrightness.h */ = {isa = PBXFileReference; fileEncoding = 4; lastKnownFileType = sourcecode.c.h; path = JCBrightness.h; sourceTree = "<group>"; };
		DBEB0AA7204A67ED0087AC8F /* JCBrightness.m */ = {isa = PBXFileReference; fileEncoding = 4; lastKnownFileType = sourcecode.c.objc; path = JCBrightness.m; sourceTree = "<group>"; };
/* End PBXFileReference section */

/* Begin PBXFrameworksBuildPhase section */
		DBEB0A87204A62C90087AC8F /* Frameworks */ = {
			isa = PBXFrameworksBuildPhase;
			buildActionMask = 2147483647;
			files = (
			);
			runOnlyForDeploymentPostprocessing = 0;
		};
/* End PBXFrameworksBuildPhase section */

/* Begin PBXGroup section */
		DBEB0A81204A62C90087AC8F = {
			isa = PBXGroup;
			children = (
				DBEB0A8C204A62C90087AC8F /* brightnessGradientDemo */,
				DBEB0A8B204A62C90087AC8F /* Products */,
			);
			sourceTree = "<group>";
		};
		DBEB0A8B204A62C90087AC8F /* Products */ = {
			isa = PBXGroup;
			children = (
				DBEB0A8A204A62C90087AC8F /* brightnessGradientDemo.app */,
			);
			name = Products;
			sourceTree = "<group>";
		};
		DBEB0A8C204A62C90087AC8F /* brightnessGradientDemo */ = {
			isa = PBXGroup;
			children = (
				DBEB0A8D204A62C90087AC8F /* AppDelegate.h */,
				DBEB0A8E204A62C90087AC8F /* AppDelegate.m */,
				DBEB0A90204A62C90087AC8F /* ViewController.h */,
				DBEB0A91204A62C90087AC8F /* ViewController.m */,
				DBEB0AA3204A66C00087AC8F /* QRCodeVC.h */,
				DBEB0AA4204A66C00087AC8F /* QRCodeVC.m */,
				DBDA4D75204A816F0004F70F /* erweima.jpeg */,
				DBEB0AA6204A67ED0087AC8F /* JCBrightness.h */,
				DBEB0AA7204A67ED0087AC8F /* JCBrightness.m */,
				DBEB0A93204A62C90087AC8F /* Main.storyboard */,
				DBEB0A96204A62C90087AC8F /* Assets.xcassets */,
				DBEB0A98204A62C90087AC8F /* LaunchScreen.storyboard */,
				DBEB0A9B204A62C90087AC8F /* Info.plist */,
				DBEB0A9C204A62C90087AC8F /* main.m */,
			);
			path = brightnessGradientDemo;
			sourceTree = "<group>";
		};
/* End PBXGroup section */

/* Begin PBXNativeTarget section */
		DBEB0A89204A62C90087AC8F /* brightnessGradientDemo */ = {
			isa = PBXNativeTarget;
			buildConfigurationList = DBEB0AA0204A62C90087AC8F /* Build configuration list for PBXNativeTarget "brightnessGradientDemo" */;
			buildPhases = (
				DBEB0A86204A62C90087AC8F /* Sources */,
				DBEB0A87204A62C90087AC8F /* Frameworks */,
				DBEB0A88204A62C90087AC8F /* Resources */,
			);
			buildRules = (
			);
			dependencies = (
			);
			name = brightnessGradientDemo;
			productName = brightnessGradientDemo;
			productReference = DBEB0A8A204A62C90087AC8F /* brightnessGradientDemo.app */;
			productType = "com.apple.product-type.application";
		};
/* End PBXNativeTarget section */

/* Begin PBXProject section */
		DBEB0A82204A62C90087AC8F /* Project object */ = {
			isa = PBXProject;
			attributes = {
				LastUpgradeCheck = 0920;
				ORGANIZATIONNAME = leon;
				TargetAttributes = {
					DBEB0A89204A62C90087AC8F = {
						CreatedOnToolsVersion = 9.2;
						ProvisioningStyle = Automatic;
					};
				};
			};
			buildConfigurationList = DBEB0A85204A62C90087AC8F /* Build configuration list for PBXProject "brightnessGradientDemo" */;
			compatibilityVersion = "Xcode 8.0";
			developmentRegion = en;
			hasScannedForEncodings = 0;
			knownRegions = (
				en,
				Base,
			);
			mainGroup = DBEB0A81204A62C90087AC8F;
			productRefGroup = DBEB0A8B204A62C90087AC8F /* Products */;
			projectDirPath = "";
			projectRoot = "";
			targets = (
				DBEB0A89204A62C90087AC8F /* brightnessGradientDemo */,
			);
		};
/* End PBXProject section */

/* Begin PBXResourcesBuildPhase section */
		DBEB0A88204A62C90087AC8F /* Resources */ = {
			isa = PBXResourcesBuildPhase;
			buildActionMask = 2147483647;
			files = (
				DBEB0A9A204A62C90087AC8F /* LaunchScreen.storyboard in Resources */,
				DBEB0A97204A62C90087AC8F /* Assets.xcassets in Resources */,
				DBDA4D76204A816F0004F70F /* erweima.jpeg in Resources */,
				DBEB0A95204A62C90087AC8F /* Main.storyboard in Resources */,
			);
			runOnlyForDeploymentPostprocessing = 0;
		};
/* End PBXResourcesBuildPhase section */

/* Begin PBXSourcesBuildPhase section */
		DBEB0A86204A62C90087AC8F /* Sources */ = {
			isa = PBXSourcesBuildPhase;
			buildActionMask = 2147483647;
			files = (
				DBEB0AA8204A67EE0087AC8F /* JCBrightness.m in Sources */,
				DBEB0AA5204A66C00087AC8F /* QRCodeVC.m in Sources */,
				DBEB0A92204A62C90087AC8F /* ViewController.m in Sources */,
				DBEB0A9D204A62C90087AC8F /* main.m in Sources */,
				DBEB0A8F204A62C90087AC8F /* AppDelegate.m in Sources */,
			);
			runOnlyForDeploymentPostprocessing = 0;
		};
/* End PBXSourcesBuildPhase section */

/* Begin PBXVariantGroup section */
		DBEB0A93204A62C90087AC8F /* Main.storyboard */ = {
			isa = PBXVariantGroup;
			children = (
				DBEB0A94204A62C90087AC8F /* Base */,
			);
			name = Main.storyboard;
			sourceTree = "<group>";
		};
		DBEB0A98204A62C90087AC8F /* LaunchScreen.storyboard */ = {
			isa = PBXVariantGroup;
			children = (
				DBEB0A99204A62C90087AC8F /* Base */,
			);
			name = LaunchScreen.storyboard;
			sourceTree = "<group>";
		};
/* End PBXVariantGroup section */

/* Begin XCBuildConfiguration section */
		DBEB0A9E204A62C90087AC8F /* Debug */ = {
			isa = XCBuildConfiguration;
			buildSettings = {
				ALWAYS_SEARCH_USER_PATHS = NO;
				CLANG_ANALYZER_NONNULL = YES;
				CLANG_ANALYZER_NUMBER_OBJECT_CONVERSION = YES_AGGRESSIVE;
				CLANG_CXX_LANGUAGE_STANDARD = "gnu++14";
				CLANG_CXX_LIBRARY = "libc++";
				CLANG_ENABLE_MODULES = YES;
				CLANG_ENABLE_OBJC_ARC = YES;
				CLANG_WARN_BLOCK_CAPTURE_AUTORELEASING = YES;
				CLANG_WARN_BOOL_CONVERSION = YES;
				CLANG_WARN_COMMA = YES;
				CLANG_WARN_CONSTANT_CONVERSION = YES;
				CLANG_WARN_DIRECT_OBJC_ISA_USAGE = YES_ERROR;
				CLANG_WARN_DOCUMENTATION_COMMENTS = YES;
				CLANG_WARN_EMPTY_BODY = YES;
				CLANG_WARN_ENUM_CONVERSION = YES;
				CLANG_WARN_INFINITE_RECURSION = YES;
				CLANG_WARN_INT_CONVERSION = YES;
				CLANG_WARN_NON_LITERAL_NULL_CONVERSION = YES;
				CLANG_WARN_OBJC_LITERAL_CONVERSION = YES;
				CLANG_WARN_OBJC_ROOT_CLASS = YES_ERROR;
				CLANG_WARN_RANGE_LOOP_ANALYSIS = YES;
				CLANG_WARN_STRICT_PROTOTYPES = YES;
				CLANG_WARN_SUSPICIOUS_MOVE = YES;
				CLANG_WARN_UNGUARDED_AVAILABILITY = YES_AGGRESSIVE;
				CLANG_WARN_UNREACHABLE_CODE = YES;
				CLANG_WARN__DUPLICATE_METHOD_MATCH = YES;
				CODE_SIGN_IDENTITY = "iPhone Developer";
				COPY_PHASE_STRIP = NO;
				DEBUG_INFORMATION_FORMAT = dwarf;
				ENABLE_STRICT_OBJC_MSGSEND = YES;
				ENABLE_TESTABILITY = YES;
				GCC_C_LANGUAGE_STANDARD = gnu11;
				GCC_DYNAMIC_NO_PIC = NO;
				GCC_NO_COMMON_BLOCKS = YES;
				GCC_OPTIMIZATION_LEVEL = 0;
				GCC_PREPROCESSOR_DEFINITIONS = (
					"DEBUG=1",
					"$(inherited)",
				);
				GCC_WARN_64_TO_32_BIT_CONVERSION = YES;
				GCC_WARN_ABOUT_RETURN_TYPE = YES_ERROR;
				GCC_WARN_UNDECLARED_SELECTOR = YES;
				GCC_WARN_UNINITIALIZED_AUTOS = YES_AGGRESSIVE;
				GCC_WARN_UNUSED_FUNCTION = YES;
				GCC_WARN_UNUSED_VARIABLE = YES;
				IPHONEOS_DEPLOYMENT_TARGET = 11.2;
				MTL_ENABLE_DEBUG_INFO = YES;
				ONLY_ACTIVE_ARCH = YES;
				SDKROOT = iphoneos;
			};
			name = Debug;
		};
		DBEB0A9F204A62C90087AC8F /* Release */ = {
			isa = XCBuildConfiguration;
			buildSettings = {
				ALWAYS_SEARCH_USER_PATHS = NO;
				CLANG_ANALYZER_NONNULL = YES;
				CLANG_ANALYZER_NUMBER_OBJECT_CONVERSION = YES_AGGRESSIVE;
				CLANG_CXX_LANGUAGE_STANDARD = "gnu++14";
				CLANG_CXX_LIBRARY = "libc++";
				CLANG_ENABLE_MODULES = YES;
				CLANG_ENABLE_OBJC_ARC = YES;
				CLANG_WARN_BLOCK_CAPTURE_AUTORELEASING = YES;
				CLANG_WARN_BOOL_CONVERSION = YES;
				CLANG_WARN_COMMA = YES;
				CLANG_WARN_CONSTANT_CONVERSION = YES;
				CLANG_WARN_DIRECT_OBJC_ISA_USAGE = YES_ERROR;
				CLANG_WARN_DOCUMENTATION_COMMENTS = YES;
				CLANG_WARN_EMPTY_BODY = YES;
				CLANG_WARN_ENUM_CONVERSION = YES;
				CLANG_WARN_INFINITE_RECURSION = YES;
				CLANG_WARN_INT_CONVERSION = YES;
				CLANG_WARN_NON_LITERAL_NULL_CONVERSION = YES;
				CLANG_WARN_OBJC_LITERAL_CONVERSION = YES;
				CLANG_WARN_OBJC_ROOT_CLASS = YES_ERROR;
				CLANG_WARN_RANGE_LOOP_ANALYSIS = YES;
				CLANG_WARN_STRICT_PROTOTYPES = YES;
				CLANG_WARN_SUSPICIOUS_MOVE = YES;
				CLANG_WARN_UNGUARDED_AVAILABILITY = YES_AGGRESSIVE;
				CLANG_WARN_UNREACHABLE_CODE = YES;
				CLANG_WARN__DUPLICATE_METHOD_MATCH = YES;
				CODE_SIGN_IDENTITY = "iPhone Developer";
				COPY_PHASE_STRIP = NO;
				DEBUG_INFORMATION_FORMAT = "dwarf-with-dsym";
				ENABLE_NS_ASSERTIONS = NO;
				ENABLE_STRICT_OBJC_MSGSEND = YES;
				GCC_C_LANGUAGE_STANDARD = gnu11;
				GCC_NO_COMMON_BLOCKS = YES;
				GCC_WARN_64_TO_32_BIT_CONVERSION = YES;
				GCC_WARN_ABOUT_RETURN_TYPE = YES_ERROR;
				GCC_WARN_UNDECLARED_SELECTOR = YES;
				GCC_WARN_UNINITIALIZED_AUTOS = YES_AGGRESSIVE;
				GCC_WARN_UNUSED_FUNCTION = YES;
				GCC_WARN_UNUSED_VARIABLE = YES;
				IPHONEOS_DEPLOYMENT_TARGET = 11.2;
				MTL_ENABLE_DEBUG_INFO = NO;
				SDKROOT = iphoneos;
				VALIDATE_PRODUCT = YES;
			};
			name = Release;
		};
		DBEB0AA1204A62C90087AC8F /* Debug */ = {
			isa = XCBuildConfiguration;
			buildSettings = {
				ASSETCATALOG_COMPILER_APPICON_NAME = AppIcon;
				CODE_SIGN_STYLE = Automatic;
				DEVELOPMENT_TEAM = 92ELJJ9QPQ;
				INFOPLIST_FILE = brightnessGradientDemo/Info.plist;
				LD_RUNPATH_SEARCH_PATHS = "$(inherited) @executable_path/Frameworks";
				PRODUCT_BUNDLE_IDENTIFIER = brightnessGradientDemo;
				PRODUCT_NAME = "$(TARGET_NAME)";
				TARGETED_DEVICE_FAMILY = "1,2";
			};
			name = Debug;
		};
		DBEB0AA2204A62C90087AC8F /* Release */ = {
			isa = XCBuildConfiguration;
			buildSettings = {
				ASSETCATALOG_COMPILER_APPICON_NAME = AppIcon;
				CODE_SIGN_STYLE = Automatic;
				DEVELOPMENT_TEAM = 92ELJJ9QPQ;
				INFOPLIST_FILE = brightnessGradientDemo/Info.plist;
				LD_RUNPATH_SEARCH_PATHS = "$(inherited) @executable_path/Frameworks";
				PRODUCT_BUNDLE_IDENTIFIER = brightnessGradientDemo;
				PRODUCT_NAME = "$(TARGET_NAME)";
				TARGETED_DEVICE_FAMILY = "1,2";
			};
			name = Release;
		};
/* End XCBuildConfiguration section */

/* Begin XCConfigurationList section */
		DBEB0A85204A62C90087AC8F /* Build configuration list for PBXProject "brightnessGradientDemo" */ = {
			isa = XCConfigurationList;
			buildConfigurations = (
				DBEB0A9E204A62C90087AC8F /* Debug */,
				DBEB0A9F204A62C90087AC8F /* Release */,
			);
			defaultConfigurationIsVisible = 0;
			defaultConfigurationName = Release;
		};
		DBEB0AA0204A62C90087AC8F /* Build configuration list for PBXNativeTarget "brightnessGradientDemo" */ = {
			isa = XCConfigurationList;
			buildConfigurations = (
				DBEB0AA1204A62C90087AC8F /* Debug */,
				DBEB0AA2204A62C90087AC8F /* Release */,
			);
			defaultConfigurationIsVisible = 0;
			defaultConfigurationName = Release;
		};
/* End XCConfigurationList section */
	};
	rootObject = DBEB0A82204A62C90087AC8F /* Project object */;
}
